hash: 63f35a19c0a3134de945a2f988630de6271b47130fd0d89b1eaf31ae45dfdde1
updated: 2017-06-21T19:21:55.38477786+05:30
imports:
- name: github.com/gorilla/mux
  version: bcd8bc72b08df0f70df986b97f95590779502d31
- name: github.com/gorilla/websocket
  version: ea4d1f681babbce9545c9c5f3d5194a789c89f5b
testImports: []
